
Microsoft Visual Studio Solution File, Format Version 12.00
# Visual Studio Version 17
VisualStudioVersion = 17.0.31903.59
MinimumVisualStudioVersion = 10.0.40219.1
Project("{9A19103F-16F7-4668-BE54-9A1E7A4F7556}") = "AuthenticationService", "AuthenticationService\AuthenticationService.csproj", "{94064DEF-4A96-4AE2-9AB3-7F04B0FAD444}"
EndProject
Project("{9A19103F-16F7-4668-BE54-9A1E7A4F7556}") = "AuthenticationService.BLL", "AuthenticationService.BLL\AuthenticationService.BLL.csproj", "{807D0A05-C20C-487D-A498-BACDFA6802B8}"
EndProject
Project("{9A19103F-16F7-4668-BE54-9A1E7A4F7556}") = "AuthenticationService.DAL", "AuthenticationService.DAL\AuthenticationService.DAL.csproj", "{C8269710-8FF7-43C4-8799-5DD4DFAD1FE2}"
EndProject
Global
	GlobalSection(SolutionConfigurationPlatforms) = preSolution
		Debug|Any CPU = Debug|Any CPU
		Release|Any CPU = Release|Any CPU
	EndGlobalSection
	GlobalSection(ProjectConfigurationPlatforms) = postSolution
		{94064DEF-4A96-4AE2-9AB3-7F04B0FAD444}.Debug|Any CPU.ActiveCfg = Debug|Any CPU
		{94064DEF-4A96-4AE2-9AB3-7F04B0FAD444}.Debug|Any CPU.Build.0 = Debug|Any CPU
		{94064DEF-4A96-4AE2-9AB3-7F04B0FAD444}.Release|Any CPU.ActiveCfg = Release|Any CPU
		{94064DEF-4A96-4AE2-9AB3-7F04B0FAD444}.Release|Any CPU.Build.0 = Release|Any CPU
		{807D0A05-C20C-487D-A498-BACDFA6802B8}.Debug|Any CPU.ActiveCfg = Debug|Any CPU
		{807D0A05-C20C-487D-A498-BACDFA6802B8}.Debug|Any CPU.Build.0 = Debug|Any CPU
		{807D0A05-C20C-487D-A498-BACDFA6802B8}.Release|Any CPU.ActiveCfg = Release|Any CPU
		{807D0A05-C20C-487D-A498-BACDFA6802B8}.Release|Any CPU.Build.0 = Release|Any CPU
		{C8269710-8FF7-43C4-8799-5DD4DFAD1FE2}.Debug|Any CPU.ActiveCfg = Debug|Any CPU
		{C8269710-8FF7-43C4-8799-5DD4DFAD1FE2}.Debug|Any CPU.Build.0 = Debug|Any CPU
		{C8269710-8FF7-43C4-8799-5DD4DFAD1FE2}.Release|Any CPU.ActiveCfg = Release|Any CPU
		{C8269710-8FF7-43C4-8799-5DD4DFAD1FE2}.Release|Any CPU.Build.0 = Release|Any CPU
	EndGlobalSection
	GlobalSection(SolutionProperties) = preSolution
		HideSolutionNode = FALSE
	EndGlobalSection
	GlobalSection(ExtensibilityGlobals) = postSolution
		SolutionGuid = {575EA01F-71D4-466A-84DA-220A0C9DD239}
	EndGlobalSection
EndGlobal
